// !$*UTF8*$!
{
	archiveVersion = 1;
	classes = {
	};
	objectVersion = 56;
	objects = {

/* Begin PBXBuildFile section */
		DAFEC4962982A9290041F4BA /* BLE_backgroundApp.swift in Sources */ = {isa = PBXBuildFile; fileRef = DAFEC4952982A9290041F4BA /* BLE_backgroundApp.swift */; };
		DAFEC4982982A9290041F4BA /* ContentView.swift in Sources */ = {isa = PBXBuildFile; fileRef = DAFEC4972982A9290041F4BA /* ContentView.swift */; };
		DAFEC49A2982A92A0041F4BA /* Assets.xcassets in Resources */ = {isa = PBXBuildFile; fileRef = DAFEC4992982A92A0041F4BA /* Assets.xcassets */; };
		DAFEC49D2982A92A0041F4BA /* Preview Assets.xcassets in Resources */ = {isa = PBXBuildFile; fileRef = DAFEC49C2982A92A0041F4BA /* Preview Assets.xcassets */; };
		DAFEC4A42982A93E0041F4BA /* BLEStore.swift in Sources */ = {isa = PBXBuildFile; fileRef = DAFEC4A32982A93E0041F4BA /* BLEStore.swift */; };
		DAFEC4A72982DB4E0041F4BA /* Data extension.swift in Sources */ = {isa = PBXBuildFile; fileRef = DAFEC4A62982DB4E0041F4BA /* Data extension.swift */; };
/* End PBXBuildFile section */

/* Begin PBXFileReference section */
		DAFEC4922982A9290041F4BA /* BLE background.app */ = {isa = PBXFileReference; explicitFileType = wrapper.application; includeInIndex = 0; path = "BLE background.app"; sourceTree = BUILT_PRODUCTS_DIR; };
		DAFEC4952982A9290041F4BA /* BLE_backgroundApp.swift */ = {isa = PBXFileReference; lastKnownFileType = sourcecode.swift; path = BLE_backgroundApp.swift; sourceTree = "<group>"; };
		DAFEC4972982A9290041F4BA /* ContentView.swift */ = {isa = PBXFileReference; lastKnownFileType = sourcecode.swift; path = ContentView.swift; sourceTree = "<group>"; };
		DAFEC4992982A92A0041F4BA /* Assets.xcassets */ = {isa = PBXFileReference; lastKnownFileType = folder.assetcatalog; path = Assets.xcassets; sourceTree = "<group>"; };
		DAFEC49C2982A92A0041F4BA /* Preview Assets.xcassets */ = {isa = PBXFileReference; lastKnownFileType = folder.assetcatalog; path = "Preview Assets.xcassets"; sourceTree = "<group>"; };
		DAFEC4A32982A93E0041F4BA /* BLEStore.swift */ = {isa = PBXFileReference; lastKnownFileType = sourcecode.swift; path = BLEStore.swift; sourceTree = "<group>"; };
		DAFEC4A52982B1250041F4BA /* BLE-background-Info.plist */ = {isa = PBXFileReference; lastKnownFileType = text.plist; path = "BLE-background-Info.plist"; sourceTree = SOURCE_ROOT; };
		DAFEC4A62982DB4E0041F4BA /* Data extension.swift */ = {isa = PBXFileReference; lastKnownFileType = sourcecode.swift; path = "Data extension.swift"; sourceTree = "<group>"; };
/* End PBXFileReference section */

/* Begin PBXFrameworksBuildPhase section */
		DAFEC48F2982A9290041F4BA /* Frameworks */ = {
			isa = PBXFrameworksBuildPhase;
			buildActionMask = 2147483647;
			files = (
			);
			runOnlyForDeploymentPostprocessing = 0;
		};
/* End PBXFrameworksBuildPhase section */

/* Begin PBXGroup section */
		DAFEC4892982A9290041F4BA = {
			isa = PBXGroup;
			children = (
				DAFEC4942982A9290041F4BA /* BLE background */,
				DAFEC4932982A9290041F4BA /* Products */,
			);
			sourceTree = "<group>";
		};
		DAFEC4932982A9290041F4BA /* Products */ = {
			isa = PBXGroup;
			children = (
				DAFEC4922982A9290041F4BA /* BLE background.app */,
			);
			name = Products;
			sourceTree = "<group>";
		};
		DAFEC4942982A9290041F4BA /* BLE background */ = {
			isa = PBXGroup;
			children = (
				DAFEC4A52982B1250041F4BA /* BLE-background-Info.plist */,
				DAFEC4952982A9290041F4BA /* BLE_backgroundApp.swift */,
				DAFEC4972982A9290041F4BA /* ContentView.swift */,
				DAFEC4992982A92A0041F4BA /* Assets.xcassets */,
				DAFEC49B2982A92A0041F4BA /* Preview Content */,
				DAFEC4A32982A93E0041F4BA /* BLEStore.swift */,
				DAFEC4A62982DB4E0041F4BA /* Data extension.swift */,
			);
			path = "BLE background";
			sourceTree = "<group>";
		};
		DAFEC49B2982A92A0041F4BA /* Preview Content */ = {
			isa = PBXGroup;
			children = (
				DAFEC49C2982A92A0041F4BA /* Preview Assets.xcassets */,
			);
			path = "Preview Content";
			sourceTree = "<group>";
		};
/* End PBXGroup section */

/* Begin PBXNativeTarget section */
		DAFEC4912982A9290041F4BA /* BLE background */ = {
			isa = PBXNativeTarget;
			buildConfigurationList = DAFEC4A02982A92A0041F4BA /* Build configuration list for PBXNativeTarget "BLE background" */;
			buildPhases = (
				DAFEC48E2982A9290041F4BA /* Sources */,
				DAFEC48F2982A9290041F4BA /* Frameworks */,
				DAFEC4902982A9290041F4BA /* Resources */,
			);
			buildRules = (
			);
			dependencies = (
			);
			name = "BLE background";
			productName = "BLE background";
			productReference = DAFEC4922982A9290041F4BA /* BLE background.app */;
			productType = "com.apple.product-type.application";
		};
/* End PBXNativeTarget section */

/* Begin PBXProject section */
		DAFEC48A2982A9290041F4BA /* Project object */ = {
			isa = PBXProject;
			attributes = {
				BuildIndependentTargetsInParallel = 1;
				LastSwiftUpdateCheck = 1420;
				LastUpgradeCheck = 1420;
				TargetAttributes = {
					DAFEC4912982A9290041F4BA = {
						CreatedOnToolsVersion = 14.2;
					};
				};
			};
			buildConfigurationList = DAFEC48D2982A9290041F4BA /* Build configuration list for PBXProject "BLE background" */;
			compatibilityVersion = "Xcode 14.0";
			developmentRegion = en;
			hasScannedForEncodings = 0;
			knownRegions = (
				en,
				Base,
			);
			mainGroup = DAFEC4892982A9290041F4BA;
			productRefGroup = DAFEC4932982A9290041F4BA /* Products */;
			projectDirPath = "";
			projectRoot = "";
			targets = (
				DAFEC4912982A9290041F4BA /* BLE background */,
			);
		};
/* End PBXProject section */

/* Begin PBXResourcesBuildPhase section */
		DAFEC4902982A9290041F4BA /* Resources */ = {
			isa = PBXResourcesBuildPhase;
			buildActionMask = 2147483647;
			files = (
				DAFEC49D2982A92A0041F4BA /* Preview Assets.xcassets in Resources */,
				DAFEC49A2982A92A0041F4BA /* Assets.xcassets in Resources */,
			);
			runOnlyForDeploymentPostprocessing = 0;
		};
/* End PBXResourcesBuildPhase section */

/* Begin PBXSourcesBuildPhase section */
		DAFEC48E2982A9290041F4BA /* Sources */ = {
			isa = PBXSourcesBuildPhase;
			buildActionMask = 2147483647;
			files = (
				DAFEC4982982A9290041F4BA /* ContentView.swift in Sources */,
				DAFEC4A42982A93E0041F4BA /* BLEStore.swift in Sources */,
				DAFEC4A72982DB4E0041F4BA /* Data extension.swift in Sources */,
				DAFEC4962982A9290041F4BA /* BLE_backgroundApp.swift in Sources */,
			);
			runOnlyForDeploymentPostprocessing = 0;
		};
/* End PBXSourcesBuildPhase section */

/* Begin XCBuildConfiguration section */
		DAFEC49E2982A92A0041F4BA /* Debug */ = {
			isa = XCBuildConfiguration;
			buildSettings = {
				ALWAYS_SEARCH_USER_PATHS = NO;
				CLANG_ANALYZER_NONNULL = YES;
				CLANG_ANALYZER_NUMBER_OBJECT_CONVERSION = YES_AGGRESSIVE;
				CLANG_CXX_LANGUAGE_STANDARD = "gnu++20";
				CLANG_ENABLE_MODULES = YES;
				CLANG_ENABLE_OBJC_ARC = YES;
				CLANG_ENABLE_OBJC_WEAK = YES;
				CLANG_WARN_BLOCK_CAPTURE_AUTORELEASING = YES;
				CLANG_WARN_BOOL_CONVERSION = YES;
				CLANG_WARN_COMMA = YES;
				CLANG_WARN_CONSTANT_CONVERSION = YES;
				CLANG_WARN_DEPRECATED_OBJC_IMPLEMENTATIONS = YES;
				CLANG_WARN_DIRECT_OBJC_ISA_USAGE = YES_ERROR;
				CLANG_WARN_DOCUMENTATION_COMMENTS = YES;
				CLANG_WARN_EMPTY_BODY = YES;
				CLANG_WARN_ENUM_CONVERSION = YES;
				CLANG_WARN_INFINITE_RECURSION = YES;
				CLANG_WARN_INT_CONVERSION = YES;
				CLANG_WARN_NON_LITERAL_NULL_CONVERSION = YES;
				CLANG_WARN_OBJC_IMPLICIT_RETAIN_SELF = YES;
				CLANG_WARN_OBJC_LITERAL_CONVERSION = YES;
				CLANG_WARN_OBJC_ROOT_CLASS = YES_ERROR;
				CLANG_WARN_QUOTED_INCLUDE_IN_FRAMEWORK_HEADER = YES;
				CLANG_WARN_RANGE_LOOP_ANALYSIS = YES;
				CLANG_WARN_STRICT_PROTOTYPES = YES;
				CLANG_WARN_SUSPICIOUS_MOVE = YES;
				CLANG_WARN_UNGUARDED_AVAILABILITY = YES_AGGRESSIVE;
				CLANG_WARN_UNREACHABLE_CODE = YES;
				CLANG_WARN__DUPLICATE_METHOD_MATCH = YES;
				COPY_PHASE_STRIP = NO;
				DEBUG_INFORMATION_FORMAT = dwarf;
				ENABLE_STRICT_OBJC_MSGSEND = YES;
				ENABLE_TESTABILITY = YES;
				GCC_C_LANGUAGE_STANDARD = gnu11;
				GCC_DYNAMIC_NO_PIC = NO;
				GCC_NO_COMMON_BLOCKS = YES;
				GCC_OPTIMIZATION_LEVEL = 0;
				GCC_PREPROCESSOR_DEFINITIONS = (
					"DEBUG=1",
					"$(inherited)",
				);
				GCC_WARN_64_TO_32_BIT_CONVERSION = YES;
				GCC_WARN_ABOUT_RETURN_TYPE = YES_ERROR;
				GCC_WARN_UNDECLARED_SELECTOR = YES;
				GCC_WARN_UNINITIALIZED_AUTOS = YES_AGGRESSIVE;
				GCC_WARN_UNUSED_FUNCTION = YES;
				GCC_WARN_UNUSED_VARIABLE = YES;
				IPHONEOS_DEPLOYMENT_TARGET = 16.2;
				MTL_ENABLE_DEBUG_INFO = INCLUDE_SOURCE;
				MTL_FAST_MATH = YES;
				ONLY_ACTIVE_ARCH = YES;
				SDKROOT = iphoneos;
				SWIFT_ACTIVE_COMPILATION_CONDITIONS = DEBUG;
				SWIFT_OPTIMIZATION_LEVEL = "-Onone";
			};
			name = Debug;
		};
		DAFEC49F2982A92A0041F4BA /* Release */ = {
			isa = XCBuildConfiguration;
			buildSettings = {
				ALWAYS_SEARCH_USER_PATHS = NO;
				CLANG_ANALYZER_NONNULL = YES;
				CLANG_ANALYZER_NUMBER_OBJECT_CONVERSION = YES_AGGRESSIVE;
				CLANG_CXX_LANGUAGE_STANDARD = "gnu++20";
				CLANG_ENABLE_MODULES = YES;
				CLANG_ENABLE_OBJC_ARC = YES;
				CLANG_ENABLE_OBJC_WEAK = YES;
				CLANG_WARN_BLOCK_CAPTURE_AUTORELEASING = YES;
				CLANG_WARN_BOOL_CONVERSION = YES;
				CLANG_WARN_COMMA = YES;
				CLANG_WARN_CONSTANT_CONVERSION = YES;
				CLANG_WARN_DEPRECATED_OBJC_IMPLEMENTATIONS = YES;
				CLANG_WARN_DIRECT_OBJC_ISA_USAGE = YES_ERROR;
				CLANG_WARN_DOCUMENTATION_COMMENTS = YES;
				CLANG_WARN_EMPTY_BODY = YES;
				CLANG_WARN_ENUM_CONVERSION = YES;
				CLANG_WARN_INFINITE_RECURSION = YES;
				CLANG_WARN_INT_CONVERSION = YES;
				CLANG_WARN_NON_LITERAL_NULL_CONVERSION = YES;
				CLANG_WARN_OBJC_IMPLICIT_RETAIN_SELF = YES;
				CLANG_WARN_OBJC_LITERAL_CONVERSION = YES;
				CLANG_WARN_OBJC_ROOT_CLASS = YES_ERROR;
				CLANG_WARN_QUOTED_INCLUDE_IN_FRAMEWORK_HEADER = YES;
				CLANG_WARN_RANGE_LOOP_ANALYSIS = YES;
				CLANG_WARN_STRICT_PROTOTYPES = YES;
				CLANG_WARN_SUSPICIOUS_MOVE = YES;
				CLANG_WARN_UNGUARDED_AVAILABILITY = YES_AGGRESSIVE;
				CLANG_WARN_UNREACHABLE_CODE = YES;
				CLANG_WARN__DUPLICATE_METHOD_MATCH = YES;
				COPY_PHASE_STRIP = NO;
				DEBUG_INFORMATION_FORMAT = "dwarf-with-dsym";
				ENABLE_NS_ASSERTIONS = NO;
				ENABLE_STRICT_OBJC_MSGSEND = YES;
				GCC_C_LANGUAGE_STANDARD = gnu11;
				GCC_NO_COMMON_BLOCKS = YES;
				GCC_WARN_64_TO_32_BIT_CONVERSION = YES;
				GCC_WARN_ABOUT_RETURN_TYPE = YES_ERROR;
				GCC_WARN_UNDECLARED_SELECTOR = YES;
				GCC_WARN_UNINITIALIZED_AUTOS = YES_AGGRESSIVE;
				GCC_WARN_UNUSED_FUNCTION = YES;
				GCC_WARN_UNUSED_VARIABLE = YES;
				IPHONEOS_DEPLOYMENT_TARGET = 16.2;
				MTL_ENABLE_DEBUG_INFO = NO;
				MTL_FAST_MATH = YES;
				SDKROOT = iphoneos;
				SWIFT_COMPILATION_MODE = wholemodule;
				SWIFT_OPTIMIZATION_LEVEL = "-O";
				VALIDATE_PRODUCT = YES;
			};
			name = Release;
		};
		DAFEC4A12982A92A0041F4BA /* Debug */ = {
			isa = XCBuildConfiguration;
			buildSettings = {
				ASSETCATALOG_COMPILER_APPICON_NAME = AppIcon;
				ASSETCATALOG_COMPILER_GLOBAL_ACCENT_COLOR_NAME = AccentColor;
				CODE_SIGN_STYLE = Automatic;
				CURRENT_PROJECT_VERSION = 1;
				DEVELOPMENT_ASSET_PATHS = "\"BLE background/Preview Content\"";
				DEVELOPMENT_TEAM = S4BJCS5AXT;
				ENABLE_PREVIEWS = YES;
				GENERATE_INFOPLIST_FILE = YES;
				INFOPLIST_FILE = "BLE-background-Info.plist";
				INFOPLIST_KEY_NSBluetoothAlwaysUsageDescription = "Need to access the device all the time";
				INFOPLIST_KEY_NSBluetoothPeripheralUsageDescription = "The usage description";
				INFOPLIST_KEY_UIApplicationSupportsIndirectInputEvents = YES;
				INFOPLIST_KEY_UILaunchScreen_Generation = YES;
				INFOPLIST_KEY_UISupportedInterfaceOrientations_iPad = "UIInterfaceOrientationPortrait UIInterfaceOrientationPortraitUpsideDown UIInterfaceOrientationLandscapeLeft UIInterfaceOrientationLandscapeRight";
				INFOPLIST_KEY_UISupportedInterfaceOrientations_iPhone = "UIInterfaceOrientationPortrait UIInterfaceOrientationLandscapeLeft UIInterfaceOrientationLandscapeRight";
				LD_RUNPATH_SEARCH_PATHS = (
					"$(inherited)",
					"@executable_path/Frameworks",
				);
				MARKETING_VERSION = 1.0;
				PRODUCT_BUNDLE_IDENTIFIER = "com.friisconsult.BLE-background";
				PRODUCT_NAME = "$(TARGET_NAME)";
				SWIFT_EMIT_LOC_STRINGS = YES;
				SWIFT_VERSION = 5.0;
				TARGETED_DEVICE_FAMILY = "1,2";
			};
			name = Debug;
		};
		DAFEC4A22982A92A0041F4BA /* Release */ = {
			isa = XCBuildConfiguration;
			buildSettings = {
				ASSETCATALOG_COMPILER_APPICON_NAME = AppIcon;
				ASSETCATALOG_COMPILER_GLOBAL_ACCENT_COLOR_NAME = AccentColor;
				CODE_SIGN_STYLE = Automatic;
				CURRENT_PROJECT_VERSION = 1;
				DEVELOPMENT_ASSET_PATHS = "\"BLE background/Preview Content\"";
				DEVELOPMENT_TEAM = S4BJCS5AXT;
				ENABLE_PREVIEWS = YES;
				GENERATE_INFOPLIST_FILE = YES;
				INFOPLIST_FILE = "BLE-background-Info.plist";
				INFOPLIST_KEY_NSBluetoothAlwaysUsageDescription = "Need to access the device all the time";
				INFOPLIST_KEY_NSBluetoothPeripheralUsageDescription = "The usage description";
				INFOPLIST_KEY_UIApplicationSupportsIndirectInputEvents = YES;
				INFOPLIST_KEY_UILaunchScreen_Generation = YES;
				INFOPLIST_KEY_UISupportedInterfaceOrientations_iPad = "UIInterfaceOrientationPortrait UIInterfaceOrientationPortraitUpsideDown UIInterfaceOrientationLandscapeLeft UIInterfaceOrientationLandscapeRight";
				INFOPLIST_KEY_UISupportedInterfaceOrientations_iPhone = "UIInterfaceOrientationPortrait UIInterfaceOrientationLandscapeLeft UIInterfaceOrientationLandscapeRight";
				LD_RUNPATH_SEARCH_PATHS = (
					"$(inherited)",
					"@executable_path/Frameworks",
				);
				MARKETING_VERSION = 1.0;
				PRODUCT_BUNDLE_IDENTIFIER = "com.friisconsult.BLE-background";
				PRODUCT_NAME = "$(TARGET_NAME)";
				SWIFT_EMIT_LOC_STRINGS = YES;
				SWIFT_VERSION = 5.0;
				TARGETED_DEVICE_FAMILY = "1,2";
			};
			name = Release;
		};
/* End XCBuildConfiguration section */

/* Begin XCConfigurationList section */
		DAFEC48D2982A9290041F4BA /* Build configuration list for PBXProject "BLE background" */ = {
			isa = XCConfigurationList;
			buildConfigurations = (
				DAFEC49E2982A92A0041F4BA /* Debug */,
				DAFEC49F2982A92A0041F4BA /* Release */,
			);
			defaultConfigurationIsVisible = 0;
			defaultConfigurationName = Release;
		};
		DAFEC4A02982A92A0041F4BA /* Build configuration list for PBXNativeTarget "BLE background" */ = {
			isa = XCConfigurationList;
			buildConfigurations = (
				DAFEC4A12982A92A0041F4BA /* Debug */,
				DAFEC4A22982A92A0041F4BA /* Release */,
			);
			defaultConfigurationIsVisible = 0;
			defaultConfigurationName = Release;
		};
/* End XCConfigurationList section */
	};
	rootObject = DAFEC48A2982A9290041F4BA /* Project object */;
}
